
Microsoft Visual Studio Solution File, Format Version 12.00
# Visual Studio Version 16
VisualStudioVersion = 16.0.29424.173
MinimumVisualStudioVersion = 10.0.40219.1
Project("{FAE04EC0-301F-11D3-BF4B-00C04F79EFBC}") = "SampleCoreWebApp", "SampleCoreWebApp.csproj", "{1EE1F70C-81DF-43E8-AE08-38BA168FA407}"
EndProject
Global
	GlobalSection(SolutionConfigurationPlatforms) = preSolution
		Debug|Any CPU = Debug|Any CPU
		Release|Any CPU = Release|Any CPU
	EndGlobalSection
	GlobalSection(ProjectConfigurationPlatforms) = postSolution
		{1EE1F70C-81DF-43E8-AE08-38BA168FA407}.Debug|Any CPU.ActiveCfg = Debug|Any CPU
		{1EE1F70C-81DF-43E8-AE08-38BA168FA407}.Debug|Any CPU.Build.0 = Debug|Any CPU
		{1EE1F70C-81DF-43E8-AE08-38BA168FA407}.Release|Any CPU.ActiveCfg = Release|Any CPU
		{1EE1F70C-81DF-43E8-AE08-38BA168FA407}.Release|Any CPU.Build.0 = Release|Any CPU
	EndGlobalSection
	GlobalSection(SolutionProperties) = preSolution
		HideSolutionNode = FALSE
	EndGlobalSection
	GlobalSection(ExtensibilityGlobals) = postSolution
		SolutionGuid = {A6F87ECD-8853-4CFE-B587-A706845870D8}
	EndGlobalSection
EndGlobal
